// !$*UTF8*$!
{
	archiveVersion = 1;
	classes = {
	};
	objectVersion = 46;
	objects = {

/* Begin PBXBuildFile section */
		634D100B1B32B3F700F978AB /* UIAlertView+ActionBlock.m in Sources */ = {isa = PBXBuildFile; fileRef = 634D100A1B32B3F700F978AB /* UIAlertView+ActionBlock.m */; };
		636EF8C41B32A8A3006E8388 /* UIButton+ActionBlock.m in Sources */ = {isa = PBXBuildFile; fileRef = 636EF8C31B32A8A3006E8388 /* UIButton+ActionBlock.m */; };
		637FC5391B2549F40051CA62 /* main.m in Sources */ = {isa = PBXBuildFile; fileRef = 637FC5381B2549F40051CA62 /* main.m */; };
		637FC53C1B2549F40051CA62 /* AppDelegate.m in Sources */ = {isa = PBXBuildFile; fileRef = 637FC53B1B2549F40051CA62 /* AppDelegate.m */; };
		637FC5421B2549F40051CA62 /* Main.storyboard in Resources */ = {isa = PBXBuildFile; fileRef = 637FC5401B2549F40051CA62 /* Main.storyboard */; };
		637FC5441B2549F40051CA62 /* Images.xcassets in Resources */ = {isa = PBXBuildFile; fileRef = 637FC5431B2549F40051CA62 /* Images.xcassets */; };
		637FC5471B2549F40051CA62 /* LaunchScreen.xib in Resources */ = {isa = PBXBuildFile; fileRef = 637FC5451B2549F40051CA62 /* LaunchScreen.xib */; };
		637FC5531B2549F50051CA62 /* exampleTests.m in Sources */ = {isa = PBXBuildFile; fileRef = 637FC5521B2549F50051CA62 /* exampleTests.m */; };
		637FC5681B256C370051CA62 /* WSActionSheet.m in Sources */ = {isa = PBXBuildFile; fileRef = 637FC5671B256C370051CA62 /* WSActionSheet.m */; };
		637FC56C1B256EC20051CA62 /* ButtonViewController.m in Sources */ = {isa = PBXBuildFile; fileRef = 637FC56B1B256EC20051CA62 /* ButtonViewController.m */; };
		637FC56F1B256ECE0051CA62 /* AlertViewController.m in Sources */ = {isa = PBXBuildFile; fileRef = 637FC56E1B256ECE0051CA62 /* AlertViewController.m */; };
		637FC5721B256EDA0051CA62 /* ActionSheetViewController.m in Sources */ = {isa = PBXBuildFile; fileRef = 637FC5711B256EDA0051CA62 /* ActionSheetViewController.m */; };
		637FC5761B2592E10051CA62 /* RootViewController.m in Sources */ = {isa = PBXBuildFile; fileRef = 637FC5751B2592E10051CA62 /* RootViewController.m */; };
		63FB14FB1B25CC7800345755 /* WSSegmentedControl.m in Sources */ = {isa = PBXBuildFile; fileRef = 63FB14FA1B25CC7800345755 /* WSSegmentedControl.m */; };
		63FB14FE1B25D0BB00345755 /* SegmentedController.m in Sources */ = {isa = PBXBuildFile; fileRef = 63FB14FD1B25D0BB00345755 /* SegmentedController.m */; };
/* End PBXBuildFile section */

/* Begin PBXContainerItemProxy section */
		637FC54D1B2549F50051CA62 /* PBXContainerItemProxy */ = {
			isa = PBXContainerItemProxy;
			containerPortal = 637FC52B1B2549F40051CA62 /* Project object */;
			proxyType = 1;
			remoteGlobalIDString = 637FC5321B2549F40051CA62;
			remoteInfo = example;
		};
/* End PBXContainerItemProxy section */

/* Begin PBXFileReference section */
		63089D221B272B44002A8F9C /* WSControl.h */ = {isa = PBXFileReference; fileEncoding = 4; lastKnownFileType = sourcecode.c.h; name = WSControl.h; path = ../../WSControl/WSControl.h; sourceTree = "<group>"; };
		634D10091B32B3F700F978AB /* UIAlertView+ActionBlock.h */ = {isa = PBXFileReference; fileEncoding = 4; lastKnownFileType = sourcecode.c.h; name = "UIAlertView+ActionBlock.h"; path = "../../WSControl/UIAlertView+ActionBlock.h"; sourceTree = "<group>"; };
		634D100A1B32B3F700F978AB /* UIAlertView+ActionBlock.m */ = {isa = PBXFileReference; fileEncoding = 4; lastKnownFileType = sourcecode.c.objc; name = "UIAlertView+ActionBlock.m"; path = "../../WSControl/UIAlertView+ActionBlock.m"; sourceTree = "<group>"; };
		636EF8C21B32A8A3006E8388 /* UIButton+ActionBlock.h */ = {isa = PBXFileReference; fileEncoding = 4; lastKnownFileType = sourcecode.c.h; name = "UIButton+ActionBlock.h"; path = "../../WSControl/UIButton+ActionBlock.h"; sourceTree = "<group>"; };
		636EF8C31B32A8A3006E8388 /* UIButton+ActionBlock.m */ = {isa = PBXFileReference; fileEncoding = 4; lastKnownFileType = sourcecode.c.objc; name = "UIButton+ActionBlock.m"; path = "../../WSControl/UIButton+ActionBlock.m"; sourceTree = "<group>"; };
		637FC5331B2549F40051CA62 /* example.app */ = {isa = PBXFileReference; explicitFileType = wrapper.application; includeInIndex = 0; path = example.app; sourceTree = BUILT_PRODUCTS_DIR; };
		637FC5371B2549F40051CA62 /* Info.plist */ = {isa = PBXFileReference; lastKnownFileType = text.plist.xml; path = Info.plist; sourceTree = "<group>"; };
		637FC5381B2549F40051CA62 /* main.m */ = {isa = PBXFileReference; lastKnownFileType = sourcecode.c.objc; path = main.m; sourceTree = "<group>"; };
		637FC53A1B2549F40051CA62 /* AppDelegate.h */ = {isa = PBXFileReference; lastKnownFileType = sourcecode.c.h; path = AppDelegate.h; sourceTree = "<group>"; };
		637FC53B1B2549F40051CA62 /* AppDelegate.m */ = {isa = PBXFileReference; lastKnownFileType = sourcecode.c.objc; path = AppDelegate.m; sourceTree = "<group>"; };
		637FC5411B2549F40051CA62 /* Base */ = {isa = PBXFileReference; lastKnownFileType = file.storyboard; name = Base; path = Base.lproj/Main.storyboard; sourceTree = "<group>"; };
		637FC5431B2549F40051CA62 /* Images.xcassets */ = {isa = PBXFileReference; lastKnownFileType = folder.assetcatalog; path = Images.xcassets; sourceTree = "<group>"; };
		637FC5461B2549F40051CA62 /* Base */ = {isa = PBXFileReference; lastKnownFileType = file.xib; name = Base; path = Base.lproj/LaunchScreen.xib; sourceTree = "<group>"; };
		637FC54C1B2549F50051CA62 /* exampleTests.xctest */ = {isa = PBXFileReference; explicitFileType = wrapper.cfbundle; includeInIndex = 0; path = exampleTests.xctest; sourceTree = BUILT_PRODUCTS_DIR; };
		637FC5511B2549F50051CA62 /* Info.plist */ = {isa = PBXFileReference; lastKnownFileType = text.plist.xml; path = Info.plist; sourceTree = "<group>"; };
		637FC5521B2549F50051CA62 /* exampleTests.m */ = {isa = PBXFileReference; lastKnownFileType = sourcecode.c.objc; path = exampleTests.m; sourceTree = "<group>"; };
		637FC5661B256C370051CA62 /* WSActionSheet.h */ = {isa = PBXFileReference; fileEncoding = 4; lastKnownFileType = sourcecode.c.h; name = WSActionSheet.h; path = ../../WSControl/WSActionSheet.h; sourceTree = "<group>"; };
		637FC5671B256C370051CA62 /* WSActionSheet.m */ = {isa = PBXFileReference; fileEncoding = 4; lastKnownFileType = sourcecode.c.objc; name = WSActionSheet.m; path = ../../WSControl/WSActionSheet.m; sourceTree = "<group>"; };
		637FC56A1B256EC20051CA62 /* ButtonViewController.h */ = {isa = PBXFileReference; fileEncoding = 4; lastKnownFileType = sourcecode.c.h; path = ButtonViewController.h; sourceTree = "<group>"; };
		637FC56B1B256EC20051CA62 /* ButtonViewController.m */ = {isa = PBXFileReference; fileEncoding = 4; lastKnownFileType = sourcecode.c.objc; path = ButtonViewController.m; sourceTree = "<group>"; };
		637FC56D1B256ECE0051CA62 /* AlertViewController.h */ = {isa = PBXFileReference; fileEncoding = 4; lastKnownFileType = sourcecode.c.h; path = AlertViewController.h; sourceTree = "<group>"; };
		637FC56E1B256ECE0051CA62 /* AlertViewController.m */ = {isa = PBXFileReference; fileEncoding = 4; lastKnownFileType = sourcecode.c.objc; path = AlertViewController.m; sourceTree = "<group>"; };
		637FC5701B256EDA0051CA62 /* ActionSheetViewController.h */ = {isa = PBXFileReference; fileEncoding = 4; lastKnownFileType = sourcecode.c.h; path = ActionSheetViewController.h; sourceTree = "<group>"; };
		637FC5711B256EDA0051CA62 /* ActionSheetViewController.m */ = {isa = PBXFileReference; fileEncoding = 4; lastKnownFileType = sourcecode.c.objc; path = ActionSheetViewController.m; sourceTree = "<group>"; };
		637FC5741B2592E10051CA62 /* RootViewController.h */ = {isa = PBXFileReference; fileEncoding = 4; lastKnownFileType = sourcecode.c.h; path = RootViewController.h; sourceTree = "<group>"; };
		637FC5751B2592E10051CA62 /* RootViewController.m */ = {isa = PBXFileReference; fileEncoding = 4; lastKnownFileType = sourcecode.c.objc; path = RootViewController.m; sourceTree = "<group>"; };
		63FB14F91B25CC7800345755 /* WSSegmentedControl.h */ = {isa = PBXFileReference; fileEncoding = 4; lastKnownFileType = sourcecode.c.h; name = WSSegmentedControl.h; path = ../../../../Desktop/WSControl/WSControl/WSSegmentedControl.h; sourceTree = "<group>"; };
		63FB14FA1B25CC7800345755 /* WSSegmentedControl.m */ = {isa = PBXFileReference; fileEncoding = 4; lastKnownFileType = sourcecode.c.objc; name = WSSegmentedControl.m; path = ../../../../Desktop/WSControl/WSControl/WSSegmentedControl.m; sourceTree = "<group>"; };
		63FB14FC1B25D0BB00345755 /* SegmentedController.h */ = {isa = PBXFileReference; fileEncoding = 4; lastKnownFileType = sourcecode.c.h; name = SegmentedController.h; path = ../../../../Desktop/WSControl/example/example/SegmentedController.h; sourceTree = "<group>"; };
		63FB14FD1B25D0BB00345755 /* SegmentedController.m */ = {isa = PBXFileReference; fileEncoding = 4; lastKnownFileType = sourcecode.c.objc; name = SegmentedController.m; path = ../../../../Desktop/WSControl/example/example/SegmentedController.m; sourceTree = "<group>"; };
/* End PBXFileReference section */

/* Begin PBXFrameworksBuildPhase section */
		637FC5301B2549F40051CA62 /* Frameworks */ = {
			isa = PBXFrameworksBuildPhase;
			buildActionMask = 2147483647;
			files = (
			);
			runOnlyForDeploymentPostprocessing = 0;
		};
		637FC5491B2549F50051CA62 /* Frameworks */ = {
			isa = PBXFrameworksBuildPhase;
			buildActionMask = 2147483647;
			files = (
			);
			runOnlyForDeploymentPostprocessing = 0;
		};
/* End PBXFrameworksBuildPhase section */

/* Begin PBXGroup section */
		637FC52A1B2549F40051CA62 = {
			isa = PBXGroup;
			children = (
				637FC5351B2549F40051CA62 /* example */,
				637FC54F1B2549F50051CA62 /* exampleTests */,
				637FC5341B2549F40051CA62 /* Products */,
			);
			sourceTree = "<group>";
		};
		637FC5341B2549F40051CA62 /* Products */ = {
			isa = PBXGroup;
			children = (
				637FC5331B2549F40051CA62 /* example.app */,
				637FC54C1B2549F50051CA62 /* exampleTests.xctest */,
			);
			name = Products;
			sourceTree = "<group>";
		};
		637FC5351B2549F40051CA62 /* example */ = {
			isa = PBXGroup;
			children = (
				637FC55F1B25648A0051CA62 /* WSControl */,
				637FC5691B256E980051CA62 /* ViewControllers */,
				637FC53A1B2549F40051CA62 /* AppDelegate.h */,
				637FC53B1B2549F40051CA62 /* AppDelegate.m */,
				637FC5401B2549F40051CA62 /* Main.storyboard */,
				637FC5431B2549F40051CA62 /* Images.xcassets */,
				637FC5451B2549F40051CA62 /* LaunchScreen.xib */,
				637FC5361B2549F40051CA62 /* Supporting Files */,
			);
			path = example;
			sourceTree = "<group>";
		};
		637FC5361B2549F40051CA62 /* Supporting Files */ = {
			isa = PBXGroup;
			children = (
				637FC5371B2549F40051CA62 /* Info.plist */,
				637FC5381B2549F40051CA62 /* main.m */,
			);
			name = "Supporting Files";
			sourceTree = "<group>";
		};
		637FC54F1B2549F50051CA62 /* exampleTests */ = {
			isa = PBXGroup;
			children = (
				637FC5521B2549F50051CA62 /* exampleTests.m */,
				637FC5501B2549F50051CA62 /* Supporting Files */,
			);
			path = exampleTests;
			sourceTree = "<group>";
		};
		637FC5501B2549F50051CA62 /* Supporting Files */ = {
			isa = PBXGroup;
			children = (
				637FC5511B2549F50051CA62 /* Info.plist */,
			);
			name = "Supporting Files";
			sourceTree = "<group>";
		};
		637FC55F1B25648A0051CA62 /* WSControl */ = {
			isa = PBXGroup;
			children = (
				63089D221B272B44002A8F9C /* WSControl.h */,
				637FC5661B256C370051CA62 /* WSActionSheet.h */,
				637FC5671B256C370051CA62 /* WSActionSheet.m */,
				63FB14F91B25CC7800345755 /* WSSegmentedControl.h */,
				63FB14FA1B25CC7800345755 /* WSSegmentedControl.m */,
				636EF8C21B32A8A3006E8388 /* UIButton+ActionBlock.h */,
				636EF8C31B32A8A3006E8388 /* UIButton+ActionBlock.m */,
				634D10091B32B3F700F978AB /* UIAlertView+ActionBlock.h */,
				634D100A1B32B3F700F978AB /* UIAlertView+ActionBlock.m */,
			);
			name = WSControl;
			sourceTree = "<group>";
		};
		637FC5691B256E980051CA62 /* ViewControllers */ = {
			isa = PBXGroup;
			children = (
				637FC5741B2592E10051CA62 /* RootViewController.h */,
				637FC5751B2592E10051CA62 /* RootViewController.m */,
				637FC56A1B256EC20051CA62 /* ButtonViewController.h */,
				637FC56B1B256EC20051CA62 /* ButtonViewController.m */,
				637FC56D1B256ECE0051CA62 /* AlertViewController.h */,
				637FC56E1B256ECE0051CA62 /* AlertViewController.m */,
				637FC5701B256EDA0051CA62 /* ActionSheetViewController.h */,
				637FC5711B256EDA0051CA62 /* ActionSheetViewController.m */,
				63FB14FC1B25D0BB00345755 /* SegmentedController.h */,
				63FB14FD1B25D0BB00345755 /* SegmentedController.m */,
			);
			name = ViewControllers;
			sourceTree = "<group>";
		};
/* End PBXGroup section */

/* Begin PBXNativeTarget section */
		637FC5321B2549F40051CA62 /* example */ = {
			isa = PBXNativeTarget;
			buildConfigurationList = 637FC5561B2549F50051CA62 /* Build configuration list for PBXNativeTarget "example" */;
			buildPhases = (
				637FC52F1B2549F40051CA62 /* Sources */,
				637FC5301B2549F40051CA62 /* Frameworks */,
				637FC5311B2549F40051CA62 /* Resources */,
			);
			buildRules = (
			);
			dependencies = (
			);
			name = example;
			productName = example;
			productReference = 637FC5331B2549F40051CA62 /* example.app */;
			productType = "com.apple.product-type.application";
		};
		637FC54B1B2549F50051CA62 /* exampleTests */ = {
			isa = PBXNativeTarget;
			buildConfigurationList = 637FC5591B2549F50051CA62 /* Build configuration list for PBXNativeTarget "exampleTests" */;
			buildPhases = (
				637FC5481B2549F50051CA62 /* Sources */,
				637FC5491B2549F50051CA62 /* Frameworks */,
				637FC54A1B2549F50051CA62 /* Resources */,
			);
			buildRules = (
			);
			dependencies = (
				637FC54E1B2549F50051CA62 /* PBXTargetDependency */,
			);
			name = exampleTests;
			productName = exampleTests;
			productReference = 637FC54C1B2549F50051CA62 /* exampleTests.xctest */;
			productType = "com.apple.product-type.bundle.unit-test";
		};
/* End PBXNativeTarget section */

/* Begin PBXProject section */
		637FC52B1B2549F40051CA62 /* Project object */ = {
			isa = PBXProject;
			attributes = {
				LastUpgradeCheck = 0630;
				ORGANIZATIONNAME = "王顺";
				TargetAttributes = {
					637FC5321B2549F40051CA62 = {
						CreatedOnToolsVersion = 6.3.1;
					};
					637FC54B1B2549F50051CA62 = {
						CreatedOnToolsVersion = 6.3.1;
						TestTargetID = 637FC5321B2549F40051CA62;
					};
				};
			};
			buildConfigurationList = 637FC52E1B2549F40051CA62 /* Build configuration list for PBXProject "example" */;
			compatibilityVersion = "Xcode 3.2";
			developmentRegion = English;
			hasScannedForEncodings = 0;
			knownRegions = (
				en,
				Base,
			);
			mainGroup = 637FC52A1B2549F40051CA62;
			productRefGroup = 637FC5341B2549F40051CA62 /* Products */;
			projectDirPath = "";
			projectRoot = "";
			targets = (
				637FC5321B2549F40051CA62 /* example */,
				637FC54B1B2549F50051CA62 /* exampleTests */,
			);
		};
/* End PBXProject section */

/* Begin PBXResourcesBuildPhase section */
		637FC5311B2549F40051CA62 /* Resources */ = {
			isa = PBXResourcesBuildPhase;
			buildActionMask = 2147483647;
			files = (
				637FC5421B2549F40051CA62 /* Main.storyboard in Resources */,
				637FC5471B2549F40051CA62 /* LaunchScreen.xib in Resources */,
				637FC5441B2549F40051CA62 /* Images.xcassets in Resources */,
			);
			runOnlyForDeploymentPostprocessing = 0;
		};
		637FC54A1B2549F50051CA62 /* Resources */ = {
			isa = PBXResourcesBuildPhase;
			buildActionMask = 2147483647;
			files = (
			);
			runOnlyForDeploymentPostprocessing = 0;
		};
/* End PBXResourcesBuildPhase section */

/* Begin PBXSourcesBuildPhase section */
		637FC52F1B2549F40051CA62 /* Sources */ = {
			isa = PBXSourcesBuildPhase;
			buildActionMask = 2147483647;
			files = (
				637FC5681B256C370051CA62 /* WSActionSheet.m in Sources */,
				637FC56C1B256EC20051CA62 /* ButtonViewController.m in Sources */,
				636EF8C41B32A8A3006E8388 /* UIButton+ActionBlock.m in Sources */,
				637FC53C1B2549F40051CA62 /* AppDelegate.m in Sources */,
				634D100B1B32B3F700F978AB /* UIAlertView+ActionBlock.m in Sources */,
				637FC5391B2549F40051CA62 /* main.m in Sources */,
				637FC5761B2592E10051CA62 /* RootViewController.m in Sources */,
				63FB14FE1B25D0BB00345755 /* SegmentedController.m in Sources */,
				637FC56F1B256ECE0051CA62 /* AlertViewController.m in Sources */,
				63FB14FB1B25CC7800345755 /* WSSegmentedControl.m in Sources */,
				637FC5721B256EDA0051CA62 /* ActionSheetViewController.m in Sources */,
			);
			runOnlyForDeploymentPostprocessing = 0;
		};
		637FC5481B2549F50051CA62 /* Sources */ = {
			isa = PBXSourcesBuildPhase;
			buildActionMask = 2147483647;
			files = (
				637FC5531B2549F50051CA62 /* exampleTests.m in Sources */,
			);
			runOnlyForDeploymentPostprocessing = 0;
		};
/* End PBXSourcesBuildPhase section */

/* Begin PBXTargetDependency section */
		637FC54E1B2549F50051CA62 /* PBXTargetDependency */ = {
			isa = PBXTargetDependency;
			target = 637FC5321B2549F40051CA62 /* example */;
			targetProxy = 637FC54D1B2549F50051CA62 /* PBXContainerItemProxy */;
		};
/* End PBXTargetDependency section */

/* Begin PBXVariantGroup section */
		637FC5401B2549F40051CA62 /* Main.storyboard */ = {
			isa = PBXVariantGroup;
			children = (
				637FC5411B2549F40051CA62 /* Base */,
			);
			name = Main.storyboard;
			sourceTree = "<group>";
		};
		637FC5451B2549F40051CA62 /* LaunchScreen.xib */ = {
			isa = PBXVariantGroup;
			children = (
				637FC5461B2549F40051CA62 /* Base */,
			);
			name = LaunchScreen.xib;
			sourceTree = "<group>";
		};
/* End PBXVariantGroup section */

/* Begin XCBuildConfiguration section */
		637FC5541B2549F50051CA62 /* Debug */ = {
			isa = XCBuildConfiguration;
			buildSettings = {
				ALWAYS_SEARCH_USER_PATHS = NO;
				CLANG_CXX_LANGUAGE_STANDARD = "gnu++0x";
				CLANG_CXX_LIBRARY = "libc++";
				CLANG_ENABLE_MODULES = YES;
				CLANG_ENABLE_OBJC_ARC = YES;
				CLANG_WARN_BOOL_CONVERSION = YES;
				CLANG_WARN_CONSTANT_CONVERSION = YES;
				CLANG_WARN_DIRECT_OBJC_ISA_USAGE = YES_ERROR;
				CLANG_WARN_EMPTY_BODY = YES;
				CLANG_WARN_ENUM_CONVERSION = YES;
				CLANG_WARN_INT_CONVERSION = YES;
				CLANG_WARN_OBJC_ROOT_CLASS = YES_ERROR;
				CLANG_WARN_UNREACHABLE_CODE = YES;
				CLANG_WARN__DUPLICATE_METHOD_MATCH = YES;
				"CODE_SIGN_IDENTITY[sdk=iphoneos*]" = "iPhone Developer";
				COPY_PHASE_STRIP = NO;
				DEBUG_INFORMATION_FORMAT = "dwarf-with-dsym";
				ENABLE_STRICT_OBJC_MSGSEND = YES;
				GCC_C_LANGUAGE_STANDARD = gnu99;
				GCC_DYNAMIC_NO_PIC = NO;
				GCC_NO_COMMON_BLOCKS = YES;
				GCC_OPTIMIZATION_LEVEL = 0;
				GCC_PREPROCESSOR_DEFINITIONS = (
					"DEBUG=1",
					"$(inherited)",
				);
				GCC_SYMBOLS_PRIVATE_EXTERN = NO;
				GCC_WARN_64_TO_32_BIT_CONVERSION = YES;
				GCC_WARN_ABOUT_RETURN_TYPE = YES_ERROR;
				GCC_WARN_UNDECLARED_SELECTOR = YES;
				GCC_WARN_UNINITIALIZED_AUTOS = YES_AGGRESSIVE;
				GCC_WARN_UNUSED_FUNCTION = YES;
				GCC_WARN_UNUSED_VARIABLE = YES;
				IPHONEOS_DEPLOYMENT_TARGET = 8.3;
				MTL_ENABLE_DEBUG_INFO = YES;
				ONLY_ACTIVE_ARCH = YES;
				SDKROOT = iphoneos;
			};
			name = Debug;
		};
		637FC5551B2549F50051CA62 /* Release */ = {
			isa = XCBuildConfiguration;
			buildSettings = {
				ALWAYS_SEARCH_USER_PATHS = NO;
				CLANG_CXX_LANGUAGE_STANDARD = "gnu++0x";
				CLANG_CXX_LIBRARY = "libc++";
				CLANG_ENABLE_MODULES = YES;
				CLANG_ENABLE_OBJC_ARC = YES;
				CLANG_WARN_BOOL_CONVERSION = YES;
				CLANG_WARN_CONSTANT_CONVERSION = YES;
				CLANG_WARN_DIRECT_OBJC_ISA_USAGE = YES_ERROR;
				CLANG_WARN_EMPTY_BODY = YES;
				CLANG_WARN_ENUM_CONVERSION = YES;
				CLANG_WARN_INT_CONVERSION = YES;
				CLANG_WARN_OBJC_ROOT_CLASS = YES_ERROR;
				CLANG_WARN_UNREACHABLE_CODE = YES;
				CLANG_WARN__DUPLICATE_METHOD_MATCH = YES;
				"CODE_SIGN_IDENTITY[sdk=iphoneos*]" = "iPhone Developer";
				COPY_PHASE_STRIP = NO;
				DEBUG_INFORMATION_FORMAT = "dwarf-with-dsym";
				ENABLE_NS_ASSERTIONS = NO;
				ENABLE_STRICT_OBJC_MSGSEND = YES;
				GCC_C_LANGUAGE_STANDARD = gnu99;
				GCC_NO_COMMON_BLOCKS = YES;
				GCC_WARN_64_TO_32_BIT_CONVERSION = YES;
				GCC_WARN_ABOUT_RETURN_TYPE = YES_ERROR;
				GCC_WARN_UNDECLARED_SELECTOR = YES;
				GCC_WARN_UNINITIALIZED_AUTOS = YES_AGGRESSIVE;
				GCC_WARN_UNUSED_FUNCTION = YES;
				GCC_WARN_UNUSED_VARIABLE = YES;
				IPHONEOS_DEPLOYMENT_TARGET = 8.3;
				MTL_ENABLE_DEBUG_INFO = NO;
				SDKROOT = iphoneos;
				VALIDATE_PRODUCT = YES;
			};
			name = Release;
		};
		637FC5571B2549F50051CA62 /* Debug */ = {
			isa = XCBuildConfiguration;
			buildSettings = {
				ASSETCATALOG_COMPILER_APPICON_NAME = AppIcon;
				ASSETCATALOG_COMPILER_LAUNCHIMAGE_NAME = LaunchImage;
				INFOPLIST_FILE = example/Info.plist;
				IPHONEOS_DEPLOYMENT_TARGET = 7.0;
				LD_RUNPATH_SEARCH_PATHS = "$(inherited) @executable_path/Frameworks";
				PRODUCT_NAME = "$(TARGET_NAME)";
			};
			name = Debug;
		};
		637FC5581B2549F50051CA62 /* Release */ = {
			isa = XCBuildConfiguration;
			buildSettings = {
				ASSETCATALOG_COMPILER_APPICON_NAME = AppIcon;
				ASSETCATALOG_COMPILER_LAUNCHIMAGE_NAME = LaunchImage;
				INFOPLIST_FILE = example/Info.plist;
				IPHONEOS_DEPLOYMENT_TARGET = 7.0;
				LD_RUNPATH_SEARCH_PATHS = "$(inherited) @executable_path/Frameworks";
				PRODUCT_NAME = "$(TARGET_NAME)";
			};
			name = Release;
		};
		637FC55A1B2549F50051CA62 /* Debug */ = {
			isa = XCBuildConfiguration;
			buildSettings = {
				BUNDLE_LOADER = "$(TEST_HOST)";
				FRAMEWORK_SEARCH_PATHS = (
					"$(SDKROOT)/Developer/Library/Frameworks",
					"$(inherited)",
				);
				GCC_PREPROCESSOR_DEFINITIONS = (
					"DEBUG=1",
					"$(inherited)",
				);
				INFOPLIST_FILE = exampleTests/Info.plist;
				LD_RUNPATH_SEARCH_PATHS = "$(inherited) @executable_path/Frameworks @loader_path/Frameworks";
				PRODUCT_NAME = "$(TARGET_NAME)";
				TEST_HOST = "$(BUILT_PRODUCTS_DIR)/example.app/example";
			};
			name = Debug;
		};
		637FC55B1B2549F50051CA62 /* Release */ = {
			isa = XCBuildConfiguration;
			buildSettings = {
				BUNDLE_LOADER = "$(TEST_HOST)";
				FRAMEWORK_SEARCH_PATHS = (
					"$(SDKROOT)/Developer/Library/Frameworks",
					"$(inherited)",
				);
				INFOPLIST_FILE = exampleTests/Info.plist;
				LD_RUNPATH_SEARCH_PATHS = "$(inherited) @executable_path/Frameworks @loader_path/Frameworks";
				PRODUCT_NAME = "$(TARGET_NAME)";
				TEST_HOST = "$(BUILT_PRODUCTS_DIR)/example.app/example";
			};
			name = Release;
		};
/* End XCBuildConfiguration section */

/* Begin XCConfigurationList section */
		637FC52E1B2549F40051CA62 /* Build configuration list for PBXProject "example" */ = {
			isa = XCConfigurationList;
			buildConfigurations = (
				637FC5541B2549F50051CA62 /* Debug */,
				637FC5551B2549F50051CA62 /* Release */,
			);
			defaultConfigurationIsVisible = 0;
			defaultConfigurationName = Release;
		};
		637FC5561B2549F50051CA62 /* Build configuration list for PBXNativeTarget "example" */ = {
			isa = XCConfigurationList;
			buildConfigurations = (
				637FC5571B2549F50051CA62 /* Debug */,
				637FC5581B2549F50051CA62 /* Release */,
			);
			defaultConfigurationIsVisible = 0;
			defaultConfigurationName = Release;
		};
		637FC5591B2549F50051CA62 /* Build configuration list for PBXNativeTarget "exampleTests" */ = {
			isa = XCConfigurationList;
			buildConfigurations = (
				637FC55A1B2549F50051CA62 /* Debug */,
				637FC55B1B2549F50051CA62 /* Release */,
			);
			defaultConfigurationIsVisible = 0;
			defaultConfigurationName = Release;
		};
/* End XCConfigurationList section */
	};
	rootObject = 637FC52B1B2549F40051CA62 /* Project object */;
}
